
Microsoft Visual Studio Solution File, Format Version 12.00
Project("{FAE04EC0-301F-11D3-BF4B-00C04F79EFBC}") = "Question7", "Question7\Question7.csproj", "{432A2536-2462-4905-A504-92806C98C634}"
EndProject
Global
	GlobalSection(SolutionConfigurationPlatforms) = preSolution
		Debug|Any CPU = Debug|Any CPU
		Release|Any CPU = Release|Any CPU
	EndGlobalSection
	GlobalSection(ProjectConfigurationPlatforms) = postSolution
		{432A2536-2462-4905-A504-92806C98C634}.Debug|Any CPU.ActiveCfg = Debug|Any CPU
		{432A2536-2462-4905-A504-92806C98C634}.Debug|Any CPU.Build.0 = Debug|Any CPU
		{432A2536-2462-4905-A504-92806C98C634}.Release|Any CPU.ActiveCfg = Release|Any CPU
		{432A2536-2462-4905-A504-92806C98C634}.Release|Any CPU.Build.0 = Release|Any CPU
	EndGlobalSection
EndGlobal
