
Microsoft Visual Studio Solution File, Format Version 12.00
Project("{FAE04EC0-301F-11D3-BF4B-00C04F79EFBC}") = "Question17", "Question17\Question17.csproj", "{D335B74D-CDB6-4272-8DDE-5849FD188831}"
EndProject
Global
	GlobalSection(SolutionConfigurationPlatforms) = preSolution
		Debug|Any CPU = Debug|Any CPU
		Release|Any CPU = Release|Any CPU
	EndGlobalSection
	GlobalSection(ProjectConfigurationPlatforms) = postSolution
		{D335B74D-CDB6-4272-8DDE-5849FD188831}.Debug|Any CPU.ActiveCfg = Debug|Any CPU
		{D335B74D-CDB6-4272-8DDE-5849FD188831}.Debug|Any CPU.Build.0 = Debug|Any CPU
		{D335B74D-CDB6-4272-8DDE-5849FD188831}.Release|Any CPU.ActiveCfg = Release|Any CPU
		{D335B74D-CDB6-4272-8DDE-5849FD188831}.Release|Any CPU.Build.0 = Release|Any CPU
	EndGlobalSection
EndGlobal
