
Microsoft Visual Studio Solution File, Format Version 12.00
Project("{FAE04EC0-301F-11D3-BF4B-00C04F79EFBC}") = "Question12A", "Question12A\Question12A.csproj", "{DF193580-EA23-4BA1-ACB6-E8BFEB8182AE}"
EndProject
Global
	GlobalSection(SolutionConfigurationPlatforms) = preSolution
		Debug|Any CPU = Debug|Any CPU
		Release|Any CPU = Release|Any CPU
	EndGlobalSection
	GlobalSection(ProjectConfigurationPlatforms) = postSolution
		{DF193580-EA23-4BA1-ACB6-E8BFEB8182AE}.Debug|Any CPU.ActiveCfg = Debug|Any CPU
		{DF193580-EA23-4BA1-ACB6-E8BFEB8182AE}.Debug|Any CPU.Build.0 = Debug|Any CPU
		{DF193580-EA23-4BA1-ACB6-E8BFEB8182AE}.Release|Any CPU.ActiveCfg = Release|Any CPU
		{DF193580-EA23-4BA1-ACB6-E8BFEB8182AE}.Release|Any CPU.Build.0 = Release|Any CPU
	EndGlobalSection
EndGlobal
