
Microsoft Visual Studio Solution File, Format Version 12.00
Project("{FAE04EC0-301F-11D3-BF4B-00C04F79EFBC}") = "Question2_14thJan2022", "Question2_14thJan2022\Question2_14thJan2022.csproj", "{3510D1BE-FDAC-4CA2-969E-9E4805D8B359}"
EndProject
Global
	GlobalSection(SolutionConfigurationPlatforms) = preSolution
		Debug|Any CPU = Debug|Any CPU
		Release|Any CPU = Release|Any CPU
	EndGlobalSection
	GlobalSection(ProjectConfigurationPlatforms) = postSolution
		{3510D1BE-FDAC-4CA2-969E-9E4805D8B359}.Debug|Any CPU.ActiveCfg = Debug|Any CPU
		{3510D1BE-FDAC-4CA2-969E-9E4805D8B359}.Debug|Any CPU.Build.0 = Debug|Any CPU
		{3510D1BE-FDAC-4CA2-969E-9E4805D8B359}.Release|Any CPU.ActiveCfg = Release|Any CPU
		{3510D1BE-FDAC-4CA2-969E-9E4805D8B359}.Release|Any CPU.Build.0 = Release|Any CPU
	EndGlobalSection
EndGlobal
