
Microsoft Visual Studio Solution File, Format Version 12.00
Project("{FAE04EC0-301F-11D3-BF4B-00C04F79EFBC}") = "Question14", "Question14\Question14.csproj", "{9BF7BADB-0C5F-4B92-B841-B8ED0248AC4F}"
EndProject
Global
	GlobalSection(SolutionConfigurationPlatforms) = preSolution
		Debug|Any CPU = Debug|Any CPU
		Release|Any CPU = Release|Any CPU
	EndGlobalSection
	GlobalSection(ProjectConfigurationPlatforms) = postSolution
		{9BF7BADB-0C5F-4B92-B841-B8ED0248AC4F}.Debug|Any CPU.ActiveCfg = Debug|Any CPU
		{9BF7BADB-0C5F-4B92-B841-B8ED0248AC4F}.Debug|Any CPU.Build.0 = Debug|Any CPU
		{9BF7BADB-0C5F-4B92-B841-B8ED0248AC4F}.Release|Any CPU.ActiveCfg = Release|Any CPU
		{9BF7BADB-0C5F-4B92-B841-B8ED0248AC4F}.Release|Any CPU.Build.0 = Release|Any CPU
	EndGlobalSection
EndGlobal
