
Microsoft Visual Studio Solution File, Format Version 12.00
Project("{FAE04EC0-301F-11D3-BF4B-00C04F79EFBC}") = "Question6", "Question6\Question6.csproj", "{DB6FEE00-DBBC-4982-983A-561A9B9D3BAE}"
EndProject
Global
	GlobalSection(SolutionConfigurationPlatforms) = preSolution
		Debug|Any CPU = Debug|Any CPU
		Release|Any CPU = Release|Any CPU
	EndGlobalSection
	GlobalSection(ProjectConfigurationPlatforms) = postSolution
		{DB6FEE00-DBBC-4982-983A-561A9B9D3BAE}.Debug|Any CPU.ActiveCfg = Debug|Any CPU
		{DB6FEE00-DBBC-4982-983A-561A9B9D3BAE}.Debug|Any CPU.Build.0 = Debug|Any CPU
		{DB6FEE00-DBBC-4982-983A-561A9B9D3BAE}.Release|Any CPU.ActiveCfg = Release|Any CPU
		{DB6FEE00-DBBC-4982-983A-561A9B9D3BAE}.Release|Any CPU.Build.0 = Release|Any CPU
	EndGlobalSection
EndGlobal
