
Microsoft Visual Studio Solution File, Format Version 12.00
Project("{FAE04EC0-301F-11D3-BF4B-00C04F79EFBC}") = "Question4", "Question4\Question4.csproj", "{7A3A62BD-396E-407B-A946-BE3C24CEF9D0}"
EndProject
Global
	GlobalSection(SolutionConfigurationPlatforms) = preSolution
		Debug|Any CPU = Debug|Any CPU
		Release|Any CPU = Release|Any CPU
	EndGlobalSection
	GlobalSection(ProjectConfigurationPlatforms) = postSolution
		{7A3A62BD-396E-407B-A946-BE3C24CEF9D0}.Debug|Any CPU.ActiveCfg = Debug|Any CPU
		{7A3A62BD-396E-407B-A946-BE3C24CEF9D0}.Debug|Any CPU.Build.0 = Debug|Any CPU
		{7A3A62BD-396E-407B-A946-BE3C24CEF9D0}.Release|Any CPU.ActiveCfg = Release|Any CPU
		{7A3A62BD-396E-407B-A946-BE3C24CEF9D0}.Release|Any CPU.Build.0 = Release|Any CPU
	EndGlobalSection
EndGlobal
