
Microsoft Visual Studio Solution File, Format Version 12.00
Project("{FAE04EC0-301F-11D3-BF4B-00C04F79EFBC}") = "Question12", "Question12\Question12.csproj", "{8C8ED2AA-2A55-40A1-B901-7469B4CF582D}"
EndProject
Global
	GlobalSection(SolutionConfigurationPlatforms) = preSolution
		Debug|Any CPU = Debug|Any CPU
		Release|Any CPU = Release|Any CPU
	EndGlobalSection
	GlobalSection(ProjectConfigurationPlatforms) = postSolution
		{8C8ED2AA-2A55-40A1-B901-7469B4CF582D}.Debug|Any CPU.ActiveCfg = Debug|Any CPU
		{8C8ED2AA-2A55-40A1-B901-7469B4CF582D}.Debug|Any CPU.Build.0 = Debug|Any CPU
		{8C8ED2AA-2A55-40A1-B901-7469B4CF582D}.Release|Any CPU.ActiveCfg = Release|Any CPU
		{8C8ED2AA-2A55-40A1-B901-7469B4CF582D}.Release|Any CPU.Build.0 = Release|Any CPU
	EndGlobalSection
EndGlobal
