
Microsoft Visual Studio Solution File, Format Version 12.00
Project("{FAE04EC0-301F-11D3-BF4B-00C04F79EFBC}") = "Question15", "Question15\Question15.csproj", "{0001B2CC-C6D0-4154-9002-2D40948860EC}"
EndProject
Global
	GlobalSection(SolutionConfigurationPlatforms) = preSolution
		Debug|Any CPU = Debug|Any CPU
		Release|Any CPU = Release|Any CPU
	EndGlobalSection
	GlobalSection(ProjectConfigurationPlatforms) = postSolution
		{0001B2CC-C6D0-4154-9002-2D40948860EC}.Debug|Any CPU.ActiveCfg = Debug|Any CPU
		{0001B2CC-C6D0-4154-9002-2D40948860EC}.Debug|Any CPU.Build.0 = Debug|Any CPU
		{0001B2CC-C6D0-4154-9002-2D40948860EC}.Release|Any CPU.ActiveCfg = Release|Any CPU
		{0001B2CC-C6D0-4154-9002-2D40948860EC}.Release|Any CPU.Build.0 = Release|Any CPU
	EndGlobalSection
EndGlobal
