
Microsoft Visual Studio Solution File, Format Version 12.00
Project("{FAE04EC0-301F-11D3-BF4B-00C04F79EFBC}") = "Question3", "Question3\Question3.csproj", "{7077ABA6-8F99-48ED-A55F-6F4D25C439D4}"
EndProject
Global
	GlobalSection(SolutionConfigurationPlatforms) = preSolution
		Debug|Any CPU = Debug|Any CPU
		Release|Any CPU = Release|Any CPU
	EndGlobalSection
	GlobalSection(ProjectConfigurationPlatforms) = postSolution
		{7077ABA6-8F99-48ED-A55F-6F4D25C439D4}.Debug|Any CPU.ActiveCfg = Debug|Any CPU
		{7077ABA6-8F99-48ED-A55F-6F4D25C439D4}.Debug|Any CPU.Build.0 = Debug|Any CPU
		{7077ABA6-8F99-48ED-A55F-6F4D25C439D4}.Release|Any CPU.ActiveCfg = Release|Any CPU
		{7077ABA6-8F99-48ED-A55F-6F4D25C439D4}.Release|Any CPU.Build.0 = Release|Any CPU
	EndGlobalSection
EndGlobal
