
Microsoft Visual Studio Solution File, Format Version 12.00
Project("{FAE04EC0-301F-11D3-BF4B-00C04F79EFBC}") = "Question14", "Question14\Question14.csproj", "{3D08D7C9-7870-43E9-9BDB-2D5AFF005047}"
EndProject
Global
	GlobalSection(SolutionConfigurationPlatforms) = preSolution
		Debug|Any CPU = Debug|Any CPU
		Release|Any CPU = Release|Any CPU
	EndGlobalSection
	GlobalSection(ProjectConfigurationPlatforms) = postSolution
		{3D08D7C9-7870-43E9-9BDB-2D5AFF005047}.Debug|Any CPU.ActiveCfg = Debug|Any CPU
		{3D08D7C9-7870-43E9-9BDB-2D5AFF005047}.Debug|Any CPU.Build.0 = Debug|Any CPU
		{3D08D7C9-7870-43E9-9BDB-2D5AFF005047}.Release|Any CPU.ActiveCfg = Release|Any CPU
		{3D08D7C9-7870-43E9-9BDB-2D5AFF005047}.Release|Any CPU.Build.0 = Release|Any CPU
	EndGlobalSection
EndGlobal
