
Microsoft Visual Studio Solution File, Format Version 12.00
Project("{FAE04EC0-301F-11D3-BF4B-00C04F79EFBC}") = "Question9", "Question9\Question9.csproj", "{AA0F616B-7141-4E60-9B0F-0786CF8B1DD0}"
EndProject
Global
	GlobalSection(SolutionConfigurationPlatforms) = preSolution
		Debug|Any CPU = Debug|Any CPU
		Release|Any CPU = Release|Any CPU
	EndGlobalSection
	GlobalSection(ProjectConfigurationPlatforms) = postSolution
		{AA0F616B-7141-4E60-9B0F-0786CF8B1DD0}.Debug|Any CPU.ActiveCfg = Debug|Any CPU
		{AA0F616B-7141-4E60-9B0F-0786CF8B1DD0}.Debug|Any CPU.Build.0 = Debug|Any CPU
		{AA0F616B-7141-4E60-9B0F-0786CF8B1DD0}.Release|Any CPU.ActiveCfg = Release|Any CPU
		{AA0F616B-7141-4E60-9B0F-0786CF8B1DD0}.Release|Any CPU.Build.0 = Release|Any CPU
	EndGlobalSection
EndGlobal
