
Microsoft Visual Studio Solution File, Format Version 12.00
Project("{FAE04EC0-301F-11D3-BF4B-00C04F79EFBC}") = "Question13", "Question13\Question13.csproj", "{1479EF5D-7CC7-473C-AD1A-1818B66321CB}"
EndProject
Global
	GlobalSection(SolutionConfigurationPlatforms) = preSolution
		Debug|Any CPU = Debug|Any CPU
		Release|Any CPU = Release|Any CPU
	EndGlobalSection
	GlobalSection(ProjectConfigurationPlatforms) = postSolution
		{1479EF5D-7CC7-473C-AD1A-1818B66321CB}.Debug|Any CPU.ActiveCfg = Debug|Any CPU
		{1479EF5D-7CC7-473C-AD1A-1818B66321CB}.Debug|Any CPU.Build.0 = Debug|Any CPU
		{1479EF5D-7CC7-473C-AD1A-1818B66321CB}.Release|Any CPU.ActiveCfg = Release|Any CPU
		{1479EF5D-7CC7-473C-AD1A-1818B66321CB}.Release|Any CPU.Build.0 = Release|Any CPU
	EndGlobalSection
EndGlobal
